
Microsoft Visual Studio Solution File, Format Version 12.00
# Visual Studio 15
VisualStudioVersion = 15.0.27703.2026
MinimumVisualStudioVersion = 10.0.40219.1
Project("{2150E333-8FDC-42A3-9474-1A3956D46DE8}") = "Solution Items", "Solution Items", "{8DE78C54-FD15-487C-B4CB-9A59245D2FBD}"
	ProjectSection(SolutionItems) = preProject
		.editorconfig = .editorconfig
		Greed Kata.docx = Greed Kata.docx
		README.md = README.md
		Rules Pattern.docx = Rules Pattern.docx
	EndProjectSection
EndProject
Project("{FAE04EC0-301F-11D3-BF4B-00C04F79EFBC}") = "RepositoryPattern", "RepositoryPattern\RepositoryPattern.csproj", "{D5E7DEB3-7238-4A0B-86BD-21BE1F3E0C2B}"
EndProject
Project("{FAE04EC0-301F-11D3-BF4B-00C04F79EFBC}") = "FactoryPattern", "FactoryPattern\FactoryPattern.csproj", "{587F515A-5383-423F-AC47-EC57069119D6}"
EndProject
Project("{FAE04EC0-301F-11D3-BF4B-00C04F79EFBC}") = "RulesPattern.Kata", "RulesPattern.Kata\RulesPattern.Kata.csproj", "{9E00C03A-DB69-4750-8CF3-C939C72D9EEB}"
EndProject
Project("{FAE04EC0-301F-11D3-BF4B-00C04F79EFBC}") = "NullObjectPattern", "NullObjectPattern\NullObjectPattern.csproj", "{257A9251-2182-4CBD-B684-12CF60638A70}"
EndProject
Global
	GlobalSection(SolutionConfigurationPlatforms) = preSolution
		Debug|Any CPU = Debug|Any CPU
		Release|Any CPU = Release|Any CPU
	EndGlobalSection
	GlobalSection(ProjectConfigurationPlatforms) = postSolution
		{587F515A-5383-423F-AC47-EC57069119D6}.Debug|Any CPU.ActiveCfg = Debug|Any CPU
		{587F515A-5383-423F-AC47-EC57069119D6}.Debug|Any CPU.Build.0 = Debug|Any CPU
		{587F515A-5383-423F-AC47-EC57069119D6}.Release|Any CPU.ActiveCfg = Release|Any CPU
		{587F515A-5383-423F-AC47-EC57069119D6}.Release|Any CPU.Build.0 = Release|Any CPU
	EndGlobalSection
	GlobalSection(SolutionConfigurationPlatforms) = preSolution
		Debug|Any CPU = Debug|Any CPU
		Release|Any CPU = Release|Any CPU
	EndGlobalSection
	GlobalSection(ProjectConfigurationPlatforms) = postSolution
		{9E00C03A-DB69-4750-8CF3-C939C72D9EEB}.Debug|Any CPU.ActiveCfg = Debug|Any CPU
		{9E00C03A-DB69-4750-8CF3-C939C72D9EEB}.Debug|Any CPU.Build.0 = Debug|Any CPU
		{9E00C03A-DB69-4750-8CF3-C939C72D9EEB}.Release|Any CPU.ActiveCfg = Release|Any CPU
		{9E00C03A-DB69-4750-8CF3-C939C72D9EEB}.Release|Any CPU.Build.0 = Release|Any CPU
	EndGlobalSection
	GlobalSection(SolutionConfigurationPlatforms) = preSolution
		Debug|Any CPU = Debug|Any CPU
		Release|Any CPU = Release|Any CPU
	EndGlobalSection
	GlobalSection(ProjectConfigurationPlatforms) = postSolution
		{257A9251-2182-4CBD-B684-12CF60638A70}.Debug|Any CPU.ActiveCfg = Debug|Any CPU
		{257A9251-2182-4CBD-B684-12CF60638A70}.Debug|Any CPU.Build.0 = Debug|Any CPU
		{257A9251-2182-4CBD-B684-12CF60638A70}.Release|Any CPU.ActiveCfg = Release|Any CPU
		{257A9251-2182-4CBD-B684-12CF60638A70}.Release|Any CPU.Build.0 = Release|Any CPU
	EndGlobalSection
	GlobalSection(SolutionConfigurationPlatforms) = preSolution
		Debug|Any CPU = Debug|Any CPU
		Release|Any CPU = Release|Any CPU
	EndGlobalSection
	GlobalSection(ProjectConfigurationPlatforms) = postSolution
		{D5E7DEB3-7238-4A0B-86BD-21BE1F3E0C2B}.Debug|Any CPU.ActiveCfg = Debug|Any CPU
		{D5E7DEB3-7238-4A0B-86BD-21BE1F3E0C2B}.Debug|Any CPU.Build.0 = Debug|Any CPU
		{D5E7DEB3-7238-4A0B-86BD-21BE1F3E0C2B}.Release|Any CPU.ActiveCfg = Release|Any CPU
		{D5E7DEB3-7238-4A0B-86BD-21BE1F3E0C2B}.Release|Any CPU.Build.0 = Release|Any CPU
	EndGlobalSection
	GlobalSection(SolutionProperties) = preSolution
		HideSolutionNode = FALSE
	EndGlobalSection
	GlobalSection(ExtensibilityGlobals) = postSolution
		SolutionGuid = {8E3ED464-BFCC-442D-8625-403660B2C268}
	EndGlobalSection
EndGlobal
